{
  "nodes": {
    "nixpkgs": {
      "locked": {
        "lastModified": 1753361898,
        "narHash": "sha256-zlLf8LTzmi/Vt1E2fkA60PHyIK6iCNe8E8RtdIsUVi8=",
        "owner": "NixOS",
        "repo": "nixpkgs",
        "rev": "aefcb0d50d1124314429a11ed6b7aaaedf2861c5",
        "type": "github"
      },
      "original": {
        "owner": "NixOS",
        "repo": "nixpkgs",
        "rev": "aefcb0d50d1124314429a11ed6b7aaaedf2861c5",
        "type": "github"
      }
    },
    "root": {
      "inputs": {
        "nixpkgs": "nixpkgs"
      }
    }
  },
  "root": "root",
  "version": 7
}
